
Microsoft Visual Studio Solution File, Format Version 12.00
# Visual Studio Version 16
VisualStudioVersion = 16.0.28621.142
MinimumVisualStudioVersion = 10.0.40219.1
Project("{2150E333-8FDC-42A3-9474-1A3956D46DE8}") = "Modifications", "Modifications", "{6412C40C-8BAD-4450-985C-98B5BFEF2C08}"
EndProject
Project("{FAE04EC0-301F-11D3-BF4B-00C04F79EFBC}") = "Empatica", "Empatica\Empatica.csproj", "{3F770F3B-BFC4-4EFF-9E5F-4AE485057F88}"
EndProject
Project("{FAE04EC0-301F-11D3-BF4B-00C04F79EFBC}") = "Hardware", "Hardware\Hardware.csproj", "{BEF40E99-7A7B-4FC8-879A-23A627E2E249}"
EndProject
Project("{FAE04EC0-301F-11D3-BF4B-00C04F79EFBC}") = "Core", "Core\Core.csproj", "{B0EC52E6-1B56-4929-B436-F5E2D1770AF6}"
EndProject
Project("{9A19103F-16F7-4668-BE54-9A1E7A4F7556}") = "API", "API\API.csproj", "{6B81925F-11DD-409D-BAF6-23A7D23A366E}"
EndProject
Project("{FAE04EC0-301F-11D3-BF4B-00C04F79EFBC}") = "KeySwap", "KeySwap\KeySwap.csproj", "{D26F058B-0766-4D0F-884C-9A788C4AE943}"
EndProject
Global
	GlobalSection(SolutionConfigurationPlatforms) = preSolution
		Debug|Any CPU = Debug|Any CPU
		Debug|x64 = Debug|x64
		Release|Any CPU = Release|Any CPU
		Release|x64 = Release|x64
	EndGlobalSection
	GlobalSection(ProjectConfigurationPlatforms) = postSolution
		{3F770F3B-BFC4-4EFF-9E5F-4AE485057F88}.Debug|Any CPU.ActiveCfg = Debug|Any CPU
		{3F770F3B-BFC4-4EFF-9E5F-4AE485057F88}.Debug|Any CPU.Build.0 = Debug|Any CPU
		{3F770F3B-BFC4-4EFF-9E5F-4AE485057F88}.Debug|x64.ActiveCfg = Debug|Any CPU
		{3F770F3B-BFC4-4EFF-9E5F-4AE485057F88}.Debug|x64.Build.0 = Debug|Any CPU
		{3F770F3B-BFC4-4EFF-9E5F-4AE485057F88}.Release|Any CPU.ActiveCfg = Release|Any CPU
		{3F770F3B-BFC4-4EFF-9E5F-4AE485057F88}.Release|Any CPU.Build.0 = Release|Any CPU
		{3F770F3B-BFC4-4EFF-9E5F-4AE485057F88}.Release|x64.ActiveCfg = Release|Any CPU
		{3F770F3B-BFC4-4EFF-9E5F-4AE485057F88}.Release|x64.Build.0 = Release|Any CPU
		{BEF40E99-7A7B-4FC8-879A-23A627E2E249}.Debug|Any CPU.ActiveCfg = Debug|Any CPU
		{BEF40E99-7A7B-4FC8-879A-23A627E2E249}.Debug|Any CPU.Build.0 = Debug|Any CPU
		{BEF40E99-7A7B-4FC8-879A-23A627E2E249}.Debug|x64.ActiveCfg = Debug|Any CPU
		{BEF40E99-7A7B-4FC8-879A-23A627E2E249}.Debug|x64.Build.0 = Debug|Any CPU
		{BEF40E99-7A7B-4FC8-879A-23A627E2E249}.Release|Any CPU.ActiveCfg = Release|Any CPU
		{BEF40E99-7A7B-4FC8-879A-23A627E2E249}.Release|Any CPU.Build.0 = Release|Any CPU
		{BEF40E99-7A7B-4FC8-879A-23A627E2E249}.Release|x64.ActiveCfg = Release|Any CPU
		{BEF40E99-7A7B-4FC8-879A-23A627E2E249}.Release|x64.Build.0 = Release|Any CPU
		{B0EC52E6-1B56-4929-B436-F5E2D1770AF6}.Debug|Any CPU.ActiveCfg = Debug|Any CPU
		{B0EC52E6-1B56-4929-B436-F5E2D1770AF6}.Debug|Any CPU.Build.0 = Debug|Any CPU
		{B0EC52E6-1B56-4929-B436-F5E2D1770AF6}.Debug|x64.ActiveCfg = Debug|Any CPU
		{B0EC52E6-1B56-4929-B436-F5E2D1770AF6}.Debug|x64.Build.0 = Debug|Any CPU
		{B0EC52E6-1B56-4929-B436-F5E2D1770AF6}.Release|Any CPU.ActiveCfg = Release|Any CPU
		{B0EC52E6-1B56-4929-B436-F5E2D1770AF6}.Release|Any CPU.Build.0 = Release|Any CPU
		{B0EC52E6-1B56-4929-B436-F5E2D1770AF6}.Release|x64.ActiveCfg = Release|Any CPU
		{B0EC52E6-1B56-4929-B436-F5E2D1770AF6}.Release|x64.Build.0 = Release|Any CPU
		{6B81925F-11DD-409D-BAF6-23A7D23A366E}.Debug|Any CPU.ActiveCfg = Debug|Any CPU
		{6B81925F-11DD-409D-BAF6-23A7D23A366E}.Debug|Any CPU.Build.0 = Debug|Any CPU
		{6B81925F-11DD-409D-BAF6-23A7D23A366E}.Debug|x64.ActiveCfg = Debug|Any CPU
		{6B81925F-11DD-409D-BAF6-23A7D23A366E}.Debug|x64.Build.0 = Debug|Any CPU
		{6B81925F-11DD-409D-BAF6-23A7D23A366E}.Release|Any CPU.ActiveCfg = Release|Any CPU
		{6B81925F-11DD-409D-BAF6-23A7D23A366E}.Release|Any CPU.Build.0 = Release|Any CPU
		{6B81925F-11DD-409D-BAF6-23A7D23A366E}.Release|x64.ActiveCfg = Release|Any CPU
		{6B81925F-11DD-409D-BAF6-23A7D23A366E}.Release|x64.Build.0 = Release|Any CPU
		{D26F058B-0766-4D0F-884C-9A788C4AE943}.Debug|Any CPU.ActiveCfg = Debug|Any CPU
		{D26F058B-0766-4D0F-884C-9A788C4AE943}.Debug|Any CPU.Build.0 = Debug|Any CPU
		{D26F058B-0766-4D0F-884C-9A788C4AE943}.Debug|x64.ActiveCfg = Debug|Any CPU
		{D26F058B-0766-4D0F-884C-9A788C4AE943}.Debug|x64.Build.0 = Debug|Any CPU
		{D26F058B-0766-4D0F-884C-9A788C4AE943}.Release|Any CPU.ActiveCfg = Release|Any CPU
		{D26F058B-0766-4D0F-884C-9A788C4AE943}.Release|Any CPU.Build.0 = Release|Any CPU
		{D26F058B-0766-4D0F-884C-9A788C4AE943}.Release|x64.ActiveCfg = Release|Any CPU
		{D26F058B-0766-4D0F-884C-9A788C4AE943}.Release|x64.Build.0 = Release|Any CPU
	EndGlobalSection
	GlobalSection(SolutionProperties) = preSolution
		HideSolutionNode = FALSE
	EndGlobalSection
	GlobalSection(NestedProjects) = preSolution
		{3F770F3B-BFC4-4EFF-9E5F-4AE485057F88} = {6412C40C-8BAD-4450-985C-98B5BFEF2C08}
		{BEF40E99-7A7B-4FC8-879A-23A627E2E249} = {6412C40C-8BAD-4450-985C-98B5BFEF2C08}
		{D26F058B-0766-4D0F-884C-9A788C4AE943} = {6412C40C-8BAD-4450-985C-98B5BFEF2C08}
	EndGlobalSection
	GlobalSection(ExtensibilityGlobals) = postSolution
		SolutionGuid = {1A99252F-87D6-418D-BFCD-E8A920598FE2}
	EndGlobalSection
EndGlobal
